
Microsoft Visual Studio Solution File, Format Version 12.00
# Visual Studio 2012
Project("{FAE04EC0-301F-11D3-BF4B-00C04F79EFBC}") = "DAV", "DAV\DAV.csproj", "{173A546F-B6B3-4759-82E7-37397A59C9D1}"
EndProject
Global
	GlobalSection(SolutionConfigurationPlatforms) = preSolution
		CD_ROM|x86 = CD_ROM|x86
		Debug|x86 = Debug|x86
		DVD-5|x86 = DVD-5|x86
		Release|x86 = Release|x86
		SingleImage|x86 = SingleImage|x86
	EndGlobalSection
	GlobalSection(ProjectConfigurationPlatforms) = postSolution
		{173A546F-B6B3-4759-82E7-37397A59C9D1}.CD_ROM|x86.ActiveCfg = Release|x86
		{173A546F-B6B3-4759-82E7-37397A59C9D1}.CD_ROM|x86.Build.0 = Release|x86
		{173A546F-B6B3-4759-82E7-37397A59C9D1}.Debug|x86.ActiveCfg = Debug|x86
		{173A546F-B6B3-4759-82E7-37397A59C9D1}.Debug|x86.Build.0 = Debug|x86
		{173A546F-B6B3-4759-82E7-37397A59C9D1}.DVD-5|x86.ActiveCfg = Debug|x86
		{173A546F-B6B3-4759-82E7-37397A59C9D1}.DVD-5|x86.Build.0 = Debug|x86
		{173A546F-B6B3-4759-82E7-37397A59C9D1}.Release|x86.ActiveCfg = Release|x86
		{173A546F-B6B3-4759-82E7-37397A59C9D1}.Release|x86.Build.0 = Release|x86
		{173A546F-B6B3-4759-82E7-37397A59C9D1}.SingleImage|x86.ActiveCfg = Release|x86
		{173A546F-B6B3-4759-82E7-37397A59C9D1}.SingleImage|x86.Build.0 = Release|x86
	EndGlobalSection
	GlobalSection(SolutionProperties) = preSolution
		HideSolutionNode = FALSE
	EndGlobalSection
EndGlobal
